[root]
name = "zopfli"
version = "0.1.0"
dependencies = [
 "adler32 0.2.0 (registry+https://github.com/rust-lang/crates.io-index)",
 "crc 1.2.0 (registry+https://github.com/rust-lang/crates.io-index)",
 "libc 0.2.10 (registry+https://github.com/rust-lang/crates.io-index)",
]

[[package]]
name = "adler32"
version = "0.2.0"
source = "registry+https://github.com/rust-lang/crates.io-index"

[[package]]
name = "crc"
version = "1.2.0"
source = "registry+https://github.com/rust-lang/crates.io-index"
dependencies = [
 "lazy_static 0.1.16 (registry+https://github.com/rust-lang/crates.io-index)",
]

[[package]]
name = "lazy_static"
version = "0.1.16"
source = "registry+https://github.com/rust-lang/crates.io-index"

[[package]]
name = "libc"
version = "0.2.10"
source = "registry+https://github.com/rust-lang/crates.io-index"

